// !$*UTF8*$!
{
	archiveVersion = 1;
	classes = {
	};
	objectVersion = 56;
	objects = {

/* Begin PBXBuildFile section */
		52A787542C6E729400535615 /* ContentView.swift in Sources */ = {isa = PBXBuildFile; fileRef = 52A787532C6E729400535615 /* ContentView.swift */; };
		52A787562C6E729600535615 /* Assets.xcassets in Resources */ = {isa = PBXBuildFile; fileRef = 52A787552C6E729600535615 /* Assets.xcassets */; };
		52A787592C6E729600535615 /* Preview Assets.xcassets in Resources */ = {isa = PBXBuildFile; fileRef = 52A787582C6E729600535615 /* Preview Assets.xcassets */; };
		52A787632C6E729700535615 /* Doctor_AppointmentTests.swift in Sources */ = {isa = PBXBuildFile; fileRef = 52A787622C6E729700535615 /* Doctor_AppointmentTests.swift */; };
		52A7876D2C6E729700535615 /* Doctor_AppointmentUITests.swift in Sources */ = {isa = PBXBuildFile; fileRef = 52A7876C2C6E729700535615 /* Doctor_AppointmentUITests.swift */; };
		52A7876F2C6E729700535615 /* Doctor_AppointmentUITestsLaunchTests.swift in Sources */ = {isa = PBXBuildFile; fileRef = 52A7876E2C6E729700535615 /* Doctor_AppointmentUITestsLaunchTests.swift */; };
/* End PBXBuildFile section */

/* Begin PBXContainerItemProxy section */
		52A7875F2C6E729700535615 /* PBXContainerItemProxy */ = {
			isa = PBXContainerItemProxy;
			containerPortal = 52A787462C6E729400535615 /* Project object */;
			proxyType = 1;
			remoteGlobalIDString = 52A7874D2C6E729400535615;
			remoteInfo = "Doctor Appointment";
		};
		52A787692C6E729700535615 /* PBXContainerItemProxy */ = {
			isa = PBXContainerItemProxy;
			containerPortal = 52A787462C6E729400535615 /* Project object */;
			proxyType = 1;
			remoteGlobalIDString = 52A7874D2C6E729400535615;
			remoteInfo = "Doctor Appointment";
		};
/* End PBXContainerItemProxy section */

/* Begin PBXFileReference section */
		52A7874E2C6E729400535615 /* Doctor Appointment.app */ = {isa = PBXFileReference; explicitFileType = wrapper.application; includeInIndex = 0; path = "Doctor Appointment.app"; sourceTree = BUILT_PRODUCTS_DIR; };
		52A787532C6E729400535615 /* ContentView.swift */ = {isa = PBXFileReference; lastKnownFileType = sourcecode.swift; path = ContentView.swift; sourceTree = "<group>"; };
		52A787552C6E729600535615 /* Assets.xcassets */ = {isa = PBXFileReference; lastKnownFileType = folder.assetcatalog; path = Assets.xcassets; sourceTree = "<group>"; };
		52A787582C6E729600535615 /* Preview Assets.xcassets */ = {isa = PBXFileReference; lastKnownFileType = folder.assetcatalog; path = "Preview Assets.xcassets"; sourceTree = "<group>"; };
		52A7875E2C6E729700535615 /* Doctor AppointmentTests.xctest */ = {isa = PBXFileReference; explicitFileType = wrapper.cfbundle; includeInIndex = 0; path = "Doctor AppointmentTests.xctest"; sourceTree = BUILT_PRODUCTS_DIR; };
		52A787622C6E729700535615 /* Doctor_AppointmentTests.swift */ = {isa = PBXFileReference; lastKnownFileType = sourcecode.swift; path = Doctor_AppointmentTests.swift; sourceTree = "<group>"; };
		52A787682C6E729700535615 /* Doctor AppointmentUITests.xctest */ = {isa = PBXFileReference; explicitFileType = wrapper.cfbundle; includeInIndex = 0; path = "Doctor AppointmentUITests.xctest"; sourceTree = BUILT_PRODUCTS_DIR; };
		52A7876C2C6E729700535615 /* Doctor_AppointmentUITests.swift */ = {isa = PBXFileReference; lastKnownFileType = sourcecode.swift; path = Doctor_AppointmentUITests.swift; sourceTree = "<group>"; };
		52A7876E2C6E729700535615 /* Doctor_AppointmentUITestsLaunchTests.swift */ = {isa = PBXFileReference; lastKnownFileType = sourcecode.swift; path = Doctor_AppointmentUITestsLaunchTests.swift; sourceTree = "<group>"; };
/* End PBXFileReference section */

/* Begin PBXFrameworksBuildPhase section */
		52A7874B2C6E729400535615 /* Frameworks */ = {
			isa = PBXFrameworksBuildPhase;
			buildActionMask = 2147483647;
			files = (
			);
			runOnlyForDeploymentPostprocessing = 0;
		};
		52A7875B2C6E729700535615 /* Frameworks */ = {
			isa = PBXFrameworksBuildPhase;
			buildActionMask = 2147483647;
			files = (
			);
			runOnlyForDeploymentPostprocessing = 0;
		};
		52A787652C6E729700535615 /* Frameworks */ = {
			isa = PBXFrameworksBuildPhase;
			buildActionMask = 2147483647;
			files = (
			);
			runOnlyForDeploymentPostprocessing = 0;
		};
/* End PBXFrameworksBuildPhase section */

/* Begin PBXGroup section */
		52A787452C6E729400535615 = {
			isa = PBXGroup;
			children = (
				52A787502C6E729400535615 /* Doctor Appointment */,
				52A787612C6E729700535615 /* Doctor AppointmentTests */,
				52A7876B2C6E729700535615 /* Doctor AppointmentUITests */,
				52A7874F2C6E729400535615 /* Products */,
			);
			sourceTree = "<group>";
		};
		52A7874F2C6E729400535615 /* Products */ = {
			isa = PBXGroup;
			children = (
				52A7874E2C6E729400535615 /* Doctor Appointment.app */,
				52A7875E2C6E729700535615 /* Doctor AppointmentTests.xctest */,
				52A787682C6E729700535615 /* Doctor AppointmentUITests.xctest */,
			);
			name = Products;
			sourceTree = "<group>";
		};
		52A787502C6E729400535615 /* Doctor Appointment */ = {
			isa = PBXGroup;
			children = (
				52A787532C6E729400535615 /* ContentView.swift */,
				52A787552C6E729600535615 /* Assets.xcassets */,
				52A787572C6E729600535615 /* Preview Content */,
			);
			path = "Doctor Appointment";
			sourceTree = "<group>";
		};
		52A787572C6E729600535615 /* Preview Content */ = {
			isa = PBXGroup;
			children = (
				52A787582C6E729600535615 /* Preview Assets.xcassets */,
			);
			path = "Preview Content";
			sourceTree = "<group>";
		};
		52A787612C6E729700535615 /* Doctor AppointmentTests */ = {
			isa = PBXGroup;
			children = (
				52A787622C6E729700535615 /* Doctor_AppointmentTests.swift */,
			);
			path = "Doctor AppointmentTests";
			sourceTree = "<group>";
		};
		52A7876B2C6E729700535615 /* Doctor AppointmentUITests */ = {
			isa = PBXGroup;
			children = (
				52A7876C2C6E729700535615 /* Doctor_AppointmentUITests.swift */,
				52A7876E2C6E729700535615 /* Doctor_AppointmentUITestsLaunchTests.swift */,
			);
			path = "Doctor AppointmentUITests";
			sourceTree = "<group>";
		};
/* End PBXGroup section */

/* Begin PBXNativeTarget section */
		52A7874D2C6E729400535615 /* Doctor Appointment */ = {
			isa = PBXNativeTarget;
			buildConfigurationList = 52A787722C6E729700535615 /* Build configuration list for PBXNativeTarget "Doctor Appointment" */;
			buildPhases = (
				52A7874A2C6E729400535615 /* Sources */,
				52A7874B2C6E729400535615 /* Frameworks */,
				52A7874C2C6E729400535615 /* Resources */,
			);
			buildRules = (
			);
			dependencies = (
			);
			name = "Doctor Appointment";
			productName = "Doctor Appointment";
			productReference = 52A7874E2C6E729400535615 /* Doctor Appointment.app */;
			productType = "com.apple.product-type.application";
		};
		52A7875D2C6E729700535615 /* Doctor AppointmentTests */ = {
			isa = PBXNativeTarget;
			buildConfigurationList = 52A787752C6E729700535615 /* Build configuration list for PBXNativeTarget "Doctor AppointmentTests" */;
			buildPhases = (
				52A7875A2C6E729700535615 /* Sources */,
				52A7875B2C6E729700535615 /* Frameworks */,
				52A7875C2C6E729700535615 /* Resources */,
			);
			buildRules = (
			);
			dependencies = (
				52A787602C6E729700535615 /* PBXTargetDependency */,
			);
			name = "Doctor AppointmentTests";
			productName = "Doctor AppointmentTests";
			productReference = 52A7875E2C6E729700535615 /* Doctor AppointmentTests.xctest */;
			productType = "com.apple.product-type.bundle.unit-test";
		};
		52A787672C6E729700535615 /* Doctor AppointmentUITests */ = {
			isa = PBXNativeTarget;
			buildConfigurationList = 52A787782C6E729700535615 /* Build configuration list for PBXNativeTarget "Doctor AppointmentUITests" */;
			buildPhases = (
				52A787642C6E729700535615 /* Sources */,
				52A787652C6E729700535615 /* Frameworks */,
				52A787662C6E729700535615 /* Resources */,
			);
			buildRules = (
			);
			dependencies = (
				52A7876A2C6E729700535615 /* PBXTargetDependency */,
			);
			name = "Doctor AppointmentUITests";
			productName = "Doctor AppointmentUITests";
			productReference = 52A787682C6E729700535615 /* Doctor AppointmentUITests.xctest */;
			productType = "com.apple.product-type.bundle.ui-testing";
		};
/* End PBXNativeTarget section */

/* Begin PBXProject section */
		52A787462C6E729400535615 /* Project object */ = {
			isa = PBXProject;
			attributes = {
				BuildIndependentTargetsInParallel = 1;
				LastSwiftUpdateCheck = 1540;
				LastUpgradeCheck = 1540;
				TargetAttributes = {
					52A7874D2C6E729400535615 = {
						CreatedOnToolsVersion = 15.4;
					};
					52A7875D2C6E729700535615 = {
						CreatedOnToolsVersion = 15.4;
						TestTargetID = 52A7874D2C6E729400535615;
					};
					52A787672C6E729700535615 = {
						CreatedOnToolsVersion = 15.4;
						TestTargetID = 52A7874D2C6E729400535615;
					};
				};
			};
			buildConfigurationList = 52A787492C6E729400535615 /* Build configuration list for PBXProject "Doctor Appointment" */;
			compatibilityVersion = "Xcode 14.0";
			developmentRegion = en;
			hasScannedForEncodings = 0;
			knownRegions = (
				en,
				Base,
			);
			mainGroup = 52A787452C6E729400535615;
			productRefGroup = 52A7874F2C6E729400535615 /* Products */;
			projectDirPath = "";
			projectRoot = "";
			targets = (
				52A7874D2C6E729400535615 /* Doctor Appointment */,
				52A7875D2C6E729700535615 /* Doctor AppointmentTests */,
				52A787672C6E729700535615 /* Doctor AppointmentUITests */,
			);
		};
/* End PBXProject section */

/* Begin PBXResourcesBuildPhase section */
		52A7874C2C6E729400535615 /* Resources */ = {
			isa = PBXResourcesBuildPhase;
			buildActionMask = 2147483647;
			files = (
				52A787592C6E729600535615 /* Preview Assets.xcassets in Resources */,
				52A787562C6E729600535615 /* Assets.xcassets in Resources */,
			);
			runOnlyForDeploymentPostprocessing = 0;
		};
		52A7875C2C6E729700535615 /* Resources */ = {
			isa = PBXResourcesBuildPhase;
			buildActionMask = 2147483647;
			files = (
			);
			runOnlyForDeploymentPostprocessing = 0;
		};
		52A787662C6E729700535615 /* Resources */ = {
			isa = PBXResourcesBuildPhase;
			buildActionMask = 2147483647;
			files = (
			);
			runOnlyForDeploymentPostprocessing = 0;
		};
/* End PBXResourcesBuildPhase section */

/* Begin PBXSourcesBuildPhase section */
		52A7874A2C6E729400535615 /* Sources */ = {
			isa = PBXSourcesBuildPhase;
			buildActionMask = 2147483647;
			files = (
				52A787542C6E729400535615 /* ContentView.swift in Sources */,
			);
			runOnlyForDeploymentPostprocessing = 0;
		};
		52A7875A2C6E729700535615 /* Sources */ = {
			isa = PBXSourcesBuildPhase;
			buildActionMask = 2147483647;
			files = (
				52A787632C6E729700535615 /* Doctor_AppointmentTests.swift in Sources */,
			);
			runOnlyForDeploymentPostprocessing = 0;
		};
		52A787642C6E729700535615 /* Sources */ = {
			isa = PBXSourcesBuildPhase;
			buildActionMask = 2147483647;
			files = (
				52A7876D2C6E729700535615 /* Doctor_AppointmentUITests.swift in Sources */,
				52A7876F2C6E729700535615 /* Doctor_AppointmentUITestsLaunchTests.swift in Sources */,
			);
			runOnlyForDeploymentPostprocessing = 0;
		};
/* End PBXSourcesBuildPhase section */

/* Begin PBXTargetDependency section */
		52A787602C6E729700535615 /* PBXTargetDependency */ = {
			isa = PBXTargetDependency;
			target = 52A7874D2C6E729400535615 /* Doctor Appointment */;
			targetProxy = 52A7875F2C6E729700535615 /* PBXContainerItemProxy */;
		};
		52A7876A2C6E729700535615 /* PBXTargetDependency */ = {
			isa = PBXTargetDependency;
			target = 52A7874D2C6E729400535615 /* Doctor Appointment */;
			targetProxy = 52A787692C6E729700535615 /* PBXContainerItemProxy */;
		};
/* End PBXTargetDependency section */

/* Begin XCBuildConfiguration section */
		52A787702C6E729700535615 /* Debug */ = {
			isa = XCBuildConfiguration;
			buildSettings = {
				ALWAYS_SEARCH_USER_PATHS = NO;
				ASSETCATALOG_COMPILER_GENERATE_SWIFT_ASSET_SYMBOL_EXTENSIONS = YES;
				CLANG_ANALYZER_NONNULL = YES;
				CLANG_ANALYZER_NUMBER_OBJECT_CONVERSION = YES_AGGRESSIVE;
				CLANG_CXX_LANGUAGE_STANDARD = "gnu++20";
				CLANG_ENABLE_MODULES = YES;
				CLANG_ENABLE_OBJC_ARC = YES;
				CLANG_ENABLE_OBJC_WEAK = YES;
				CLANG_WARN_BLOCK_CAPTURE_AUTORELEASING = YES;
				CLANG_WARN_BOOL_CONVERSION = YES;
				CLANG_WARN_COMMA = YES;
				CLANG_WARN_CONSTANT_CONVERSION = YES;
				CLANG_WARN_DEPRECATED_OBJC_IMPLEMENTATIONS = YES;
				CLANG_WARN_DIRECT_OBJC_ISA_USAGE = YES_ERROR;
				CLANG_WARN_DOCUMENTATION_COMMENTS = YES;
				CLANG_WARN_EMPTY_BODY = YES;
				CLANG_WARN_ENUM_CONVERSION = YES;
				CLANG_WARN_INFINITE_RECURSION = YES;
				CLANG_WARN_INT_CONVERSION = YES;
				CLANG_WARN_NON_LITERAL_NULL_CONVERSION = YES;
				CLANG_WARN_OBJC_IMPLICIT_RETAIN_SELF = YES;
				CLANG_WARN_OBJC_LITERAL_CONVERSION = YES;
				CLANG_WARN_OBJC_ROOT_CLASS = YES_ERROR;
				CLANG_WARN_QUOTED_INCLUDE_IN_FRAMEWORK_HEADER = YES;
				CLANG_WARN_RANGE_LOOP_ANALYSIS = YES;
				CLANG_WARN_STRICT_PROTOTYPES = YES;
				CLANG_WARN_SUSPICIOUS_MOVE = YES;
				CLANG_WARN_UNGUARDED_AVAILABILITY = YES_AGGRESSIVE;
				CLANG_WARN_UNREACHABLE_CODE = YES;
				CLANG_WARN__DUPLICATE_METHOD_MATCH = YES;
				COPY_PHASE_STRIP = NO;
				DEBUG_INFORMATION_FORMAT = dwarf;
				ENABLE_STRICT_OBJC_MSGSEND = YES;
				ENABLE_TESTABILITY = YES;
				ENABLE_USER_SCRIPT_SANDBOXING = YES;
				GCC_C_LANGUAGE_STANDARD = gnu17;
				GCC_DYNAMIC_NO_PIC = NO;
				GCC_NO_COMMON_BLOCKS = YES;
				GCC_OPTIMIZATION_LEVEL = 0;
				GCC_PREPROCESSOR_DEFINITIONS = (
					"DEBUG=1",
					"$(inherited)",
				);
				GCC_WARN_64_TO_32_BIT_CONVERSION = YES;
				GCC_WARN_ABOUT_RETURN_TYPE = YES_ERROR;
				GCC_WARN_UNDECLARED_SELECTOR = YES;
				GCC_WARN_UNINITIALIZED_AUTOS = YES_AGGRESSIVE;
				GCC_WARN_UNUSED_FUNCTION = YES;
				GCC_WARN_UNUSED_VARIABLE = YES;
				IPHONEOS_DEPLOYMENT_TARGET = 17.5;
				LOCALIZATION_PREFERS_STRING_CATALOGS = YES;
				MTL_ENABLE_DEBUG_INFO = INCLUDE_SOURCE;
				MTL_FAST_MATH = YES;
				ONLY_ACTIVE_ARCH = YES;
				SDKROOT = iphoneos;
				SWIFT_ACTIVE_COMPILATION_CONDITIONS = "DEBUG $(inherited)";
				SWIFT_OPTIMIZATION_LEVEL = "-Onone";
			};
			name = Debug;
		};
		52A787712C6E729700535615 /* Release */ = {
			isa = XCBuildConfiguration;
			buildSettings = {
				ALWAYS_SEARCH_USER_PATHS = NO;
				ASSETCATALOG_COMPILER_GENERATE_SWIFT_ASSET_SYMBOL_EXTENSIONS = YES;
				CLANG_ANALYZER_NONNULL = YES;
				CLANG_ANALYZER_NUMBER_OBJECT_CONVERSION = YES_AGGRESSIVE;
				CLANG_CXX_LANGUAGE_STANDARD = "gnu++20";
				CLANG_ENABLE_MODULES = YES;
				CLANG_ENABLE_OBJC_ARC = YES;
				CLANG_ENABLE_OBJC_WEAK = YES;
				CLANG_WARN_BLOCK_CAPTURE_AUTORELEASING = YES;
				CLANG_WARN_BOOL_CONVERSION = YES;
				CLANG_WARN_COMMA = YES;
				CLANG_WARN_CONSTANT_CONVERSION = YES;
				CLANG_WARN_DEPRECATED_OBJC_IMPLEMENTATIONS = YES;
				CLANG_WARN_DIRECT_OBJC_ISA_USAGE = YES_ERROR;
				CLANG_WARN_DOCUMENTATION_COMMENTS = YES;
				CLANG_WARN_EMPTY_BODY = YES;
				CLANG_WARN_ENUM_CONVERSION = YES;
				CLANG_WARN_INFINITE_RECURSION = YES;
				CLANG_WARN_INT_CONVERSION = YES;
				CLANG_WARN_NON_LITERAL_NULL_CONVERSION = YES;
				CLANG_WARN_OBJC_IMPLICIT_RETAIN_SELF = YES;
				CLANG_WARN_OBJC_LITERAL_CONVERSION = YES;
				CLANG_WARN_OBJC_ROOT_CLASS = YES_ERROR;
				CLANG_WARN_QUOTED_INCLUDE_IN_FRAMEWORK_HEADER = YES;
				CLANG_WARN_RANGE_LOOP_ANALYSIS = YES;
				CLANG_WARN_STRICT_PROTOTYPES = YES;
				CLANG_WARN_SUSPICIOUS_MOVE = YES;
				CLANG_WARN_UNGUARDED_AVAILABILITY = YES_AGGRESSIVE;
				CLANG_WARN_UNREACHABLE_CODE = YES;
				CLANG_WARN__DUPLICATE_METHOD_MATCH = YES;
				COPY_PHASE_STRIP = NO;
				DEBUG_INFORMATION_FORMAT = "dwarf-with-dsym";
				ENABLE_NS_ASSERTIONS = NO;
				ENABLE_STRICT_OBJC_MSGSEND = YES;
				ENABLE_USER_SCRIPT_SANDBOXING = YES;
				GCC_C_LANGUAGE_STANDARD = gnu17;
				GCC_NO_COMMON_BLOCKS = YES;
				GCC_WARN_64_TO_32_BIT_CONVERSION = YES;
				GCC_WARN_ABOUT_RETURN_TYPE = YES_ERROR;
				GCC_WARN_UNDECLARED_SELECTOR = YES;
				GCC_WARN_UNINITIALIZED_AUTOS = YES_AGGRESSIVE;
				GCC_WARN_UNUSED_FUNCTION = YES;
				GCC_WARN_UNUSED_VARIABLE = YES;
				IPHONEOS_DEPLOYMENT_TARGET = 17.5;
				LOCALIZATION_PREFERS_STRING_CATALOGS = YES;
				MTL_ENABLE_DEBUG_INFO = NO;
				MTL_FAST_MATH = YES;
				SDKROOT = iphoneos;
				SWIFT_COMPILATION_MODE = wholemodule;
				VALIDATE_PRODUCT = YES;
			};
			name = Release;
		};
		52A787732C6E729700535615 /* Debug */ = {
			isa = XCBuildConfiguration;
			buildSettings = {
				ASSETCATALOG_COMPILER_APPICON_NAME = AppIcon;
				ASSETCATALOG_COMPILER_GLOBAL_ACCENT_COLOR_NAME = AccentColor;
				CODE_SIGN_STYLE = Automatic;
				CURRENT_PROJECT_VERSION = 1;
				DEVELOPMENT_ASSET_PATHS = "\"Doctor Appointment/Preview Content\"";
				DEVELOPMENT_TEAM = FL9JXSPBCZ;
				ENABLE_PREVIEWS = YES;
				GENERATE_INFOPLIST_FILE = YES;
				INFOPLIST_KEY_CFBundleDisplayName = DocScheduler;
				INFOPLIST_KEY_UIApplicationSceneManifest_Generation = YES;
				INFOPLIST_KEY_UIApplicationSupportsIndirectInputEvents = YES;
				INFOPLIST_KEY_UILaunchScreen_Generation = YES;
				INFOPLIST_KEY_UISupportedInterfaceOrientations_iPad = "UIInterfaceOrientationPortrait UIInterfaceOrientationPortraitUpsideDown UIInterfaceOrientationLandscapeLeft UIInterfaceOrientationLandscapeRight";
				INFOPLIST_KEY_UISupportedInterfaceOrientations_iPhone = "UIInterfaceOrientationPortrait UIInterfaceOrientationLandscapeLeft UIInterfaceOrientationLandscapeRight";
				IPHONEOS_DEPLOYMENT_TARGET = 15.0;
				LD_RUNPATH_SEARCH_PATHS = (
					"$(inherited)",
					"@executable_path/Frameworks",
				);
				MARKETING_VERSION = 1.1;
				PRODUCT_BUNDLE_IDENTIFIER = "com.Doctor-Appointment";
				PRODUCT_NAME = "$(TARGET_NAME)";
				SUPPORTED_PLATFORMS = "iphoneos iphonesimulator";
				SUPPORTS_MACCATALYST = NO;
				SUPPORTS_MAC_DESIGNED_FOR_IPHONE_IPAD = NO;
				SUPPORTS_XR_DESIGNED_FOR_IPHONE_IPAD = NO;
				SWIFT_EMIT_LOC_STRINGS = YES;
				SWIFT_VERSION = 5.0;
				TARGETED_DEVICE_FAMILY = 1;
			};
			name = Debug;
		};
		52A787742C6E729700535615 /* Release */ = {
			isa = XCBuildConfiguration;
			buildSettings = {
				ASSETCATALOG_COMPILER_APPICON_NAME = AppIcon;
				ASSETCATALOG_COMPILER_GLOBAL_ACCENT_COLOR_NAME = AccentColor;
				CODE_SIGN_STYLE = Automatic;
				CURRENT_PROJECT_VERSION = 1;
				DEVELOPMENT_ASSET_PATHS = "\"Doctor Appointment/Preview Content\"";
				DEVELOPMENT_TEAM = FL9JXSPBCZ;
				ENABLE_PREVIEWS = YES;
				GENERATE_INFOPLIST_FILE = YES;
				INFOPLIST_KEY_CFBundleDisplayName = DocScheduler;
				INFOPLIST_KEY_UIApplicationSceneManifest_Generation = YES;
				INFOPLIST_KEY_UIApplicationSupportsIndirectInputEvents = YES;
				INFOPLIST_KEY_UILaunchScreen_Generation = YES;
				INFOPLIST_KEY_UISupportedInterfaceOrientations_iPad = "UIInterfaceOrientationPortrait UIInterfaceOrientationPortraitUpsideDown UIInterfaceOrientationLandscapeLeft UIInterfaceOrientationLandscapeRight";
				INFOPLIST_KEY_UISupportedInterfaceOrientations_iPhone = "UIInterfaceOrientationPortrait UIInterfaceOrientationLandscapeLeft UIInterfaceOrientationLandscapeRight";
				IPHONEOS_DEPLOYMENT_TARGET = 15.0;
				LD_RUNPATH_SEARCH_PATHS = (
					"$(inherited)",
					"@executable_path/Frameworks",
				);
				MARKETING_VERSION = 1.1;
				PRODUCT_BUNDLE_IDENTIFIER = "com.Doctor-Appointment";
				PRODUCT_NAME = "$(TARGET_NAME)";
				SUPPORTED_PLATFORMS = "iphoneos iphonesimulator";
				SUPPORTS_MACCATALYST = NO;
				SUPPORTS_MAC_DESIGNED_FOR_IPHONE_IPAD = NO;
				SUPPORTS_XR_DESIGNED_FOR_IPHONE_IPAD = NO;
				SWIFT_EMIT_LOC_STRINGS = YES;
				SWIFT_VERSION = 5.0;
				TARGETED_DEVICE_FAMILY = 1;
			};
			name = Release;
		};
		52A787762C6E729700535615 /* Debug */ = {
			isa = XCBuildConfiguration;
			buildSettings = {
				ALWAYS_EMBED_SWIFT_STANDARD_LIBRARIES = YES;
				BUNDLE_LOADER = "$(TEST_HOST)";
				CODE_SIGN_STYLE = Automatic;
				CURRENT_PROJECT_VERSION = 1;
				GENERATE_INFOPLIST_FILE = YES;
				IPHONEOS_DEPLOYMENT_TARGET = 17.5;
				MARKETING_VERSION = 1.0;
				PRODUCT_BUNDLE_IDENTIFIER = "com.Doctor-AppointmentTests";
				PRODUCT_NAME = "$(TARGET_NAME)";
				SWIFT_EMIT_LOC_STRINGS = NO;
				SWIFT_VERSION = 5.0;
				TARGETED_DEVICE_FAMILY = "1,2";
				TEST_HOST = "$(BUILT_PRODUCTS_DIR)/Doctor Appointment.app/$(BUNDLE_EXECUTABLE_FOLDER_PATH)/Doctor Appointment";
			};
			name = Debug;
		};
		52A787772C6E729700535615 /* Release */ = {
			isa = XCBuildConfiguration;
			buildSettings = {
				ALWAYS_EMBED_SWIFT_STANDARD_LIBRARIES = YES;
				BUNDLE_LOADER = "$(TEST_HOST)";
				CODE_SIGN_STYLE = Automatic;
				CURRENT_PROJECT_VERSION = 1;
				GENERATE_INFOPLIST_FILE = YES;
				IPHONEOS_DEPLOYMENT_TARGET = 17.5;
				MARKETING_VERSION = 1.0;
				PRODUCT_BUNDLE_IDENTIFIER = "com.Doctor-AppointmentTests";
				PRODUCT_NAME = "$(TARGET_NAME)";
				SWIFT_EMIT_LOC_STRINGS = NO;
				SWIFT_VERSION = 5.0;
				TARGETED_DEVICE_FAMILY = "1,2";
				TEST_HOST = "$(BUILT_PRODUCTS_DIR)/Doctor Appointment.app/$(BUNDLE_EXECUTABLE_FOLDER_PATH)/Doctor Appointment";
			};
			name = Release;
		};
		52A787792C6E729700535615 /* Debug */ = {
			isa = XCBuildConfiguration;
			buildSettings = {
				ALWAYS_EMBED_SWIFT_STANDARD_LIBRARIES = YES;
				CODE_SIGN_STYLE = Automatic;
				CURRENT_PROJECT_VERSION = 1;
				GENERATE_INFOPLIST_FILE = YES;
				MARKETING_VERSION = 1.0;
				PRODUCT_BUNDLE_IDENTIFIER = "com.Doctor-AppointmentUITests";
				PRODUCT_NAME = "$(TARGET_NAME)";
				SWIFT_EMIT_LOC_STRINGS = NO;
				SWIFT_VERSION = 5.0;
				TARGETED_DEVICE_FAMILY = "1,2";
				TEST_TARGET_NAME = "Doctor Appointment";
			};
			name = Debug;
		};
		52A7877A2C6E729700535615 /* Release */ = {
			isa = XCBuildConfiguration;
			buildSettings = {
				ALWAYS_EMBED_SWIFT_STANDARD_LIBRARIES = YES;
				CODE_SIGN_STYLE = Automatic;
				CURRENT_PROJECT_VERSION = 1;
				GENERATE_INFOPLIST_FILE = YES;
				MARKETING_VERSION = 1.0;
				PRODUCT_BUNDLE_IDENTIFIER = "com.Doctor-AppointmentUITests";
				PRODUCT_NAME = "$(TARGET_NAME)";
				SWIFT_EMIT_LOC_STRINGS = NO;
				SWIFT_VERSION = 5.0;
				TARGETED_DEVICE_FAMILY = "1,2";
				TEST_TARGET_NAME = "Doctor Appointment";
			};
			name = Release;
		};
/* End XCBuildConfiguration section */

/* Begin XCConfigurationList section */
		52A787492C6E729400535615 /* Build configuration list for PBXProject "Doctor Appointment" */ = {
			isa = XCConfigurationList;
			buildConfigurations = (
				52A787702C6E729700535615 /* Debug */,
				52A787712C6E729700535615 /* Release */,
			);
			defaultConfigurationIsVisible = 0;
			defaultConfigurationName = Release;
		};
		52A787722C6E729700535615 /* Build configuration list for PBXNativeTarget "Doctor Appointment" */ = {
			isa = XCConfigurationList;
			buildConfigurations = (
				52A787732C6E729700535615 /* Debug */,
				52A787742C6E729700535615 /* Release */,
			);
			defaultConfigurationIsVisible = 0;
			defaultConfigurationName = Release;
		};
		52A787752C6E729700535615 /* Build configuration list for PBXNativeTarget "Doctor AppointmentTests" */ = {
			isa = XCConfigurationList;
			buildConfigurations = (
				52A787762C6E729700535615 /* Debug */,
				52A787772C6E729700535615 /* Release */,
			);
			defaultConfigurationIsVisible = 0;
			defaultConfigurationName = Release;
		};
		52A787782C6E729700535615 /* Build configuration list for PBXNativeTarget "Doctor AppointmentUITests" */ = {
			isa = XCConfigurationList;
			buildConfigurations = (
				52A787792C6E729700535615 /* Debug */,
				52A7877A2C6E729700535615 /* Release */,
			);
			defaultConfigurationIsVisible = 0;
			defaultConfigurationName = Release;
		};
/* End XCConfigurationList section */
	};
	rootObject = 52A787462C6E729400535615 /* Project object */;
}
